
Microsoft Visual Studio Solution File, Format Version 12.00
# Visual Studio Version 17
VisualStudioVersion = 17.11.35327.3
MinimumVisualStudioVersion = 10.0.40219.1
Project("{9A19103F-16F7-4668-BE54-9A1E7A4F7556}") = "RikaWebApp", "RikaWebApp\RikaWebApp\RikaWebApp.csproj", "{2001AAE3-CE0A-4BA5-A546-3F8243278C79}"
EndProject
Project("{9A19103F-16F7-4668-BE54-9A1E7A4F7556}") = "RikaWebApp.Client", "RikaWebApp\RikaWebApp.Client\RikaWebApp.Client.csproj", "{99490CD7-C396-48CC-A2E4-1277BD662F37}"
EndProject
Project("{FAE04EC0-301F-11D3-BF4B-00C04F79EFBC}") = "RikaWebApp.Tests", "RikaWebApp.Tests\RikaWebApp.Tests.csproj", "{9BF02DDC-95F9-4B76-A5DD-F8DC860A2B19}"
EndProject
Global
	GlobalSection(SolutionConfigurationPlatforms) = preSolution
		Debug|Any CPU = Debug|Any CPU
		Release|Any CPU = Release|Any CPU
	EndGlobalSection
	GlobalSection(ProjectConfigurationPlatforms) = postSolution
		{2001AAE3-CE0A-4BA5-A546-3F8243278C79}.Debug|Any CPU.ActiveCfg = Debug|Any CPU
		{2001AAE3-CE0A-4BA5-A546-3F8243278C79}.Debug|Any CPU.Build.0 = Debug|Any CPU
		{2001AAE3-CE0A-4BA5-A546-3F8243278C79}.Release|Any CPU.ActiveCfg = Release|Any CPU
		{2001AAE3-CE0A-4BA5-A546-3F8243278C79}.Release|Any CPU.Build.0 = Release|Any CPU
		{99490CD7-C396-48CC-A2E4-1277BD662F37}.Debug|Any CPU.ActiveCfg = Debug|Any CPU
		{99490CD7-C396-48CC-A2E4-1277BD662F37}.Debug|Any CPU.Build.0 = Debug|Any CPU
		{99490CD7-C396-48CC-A2E4-1277BD662F37}.Release|Any CPU.ActiveCfg = Release|Any CPU
		{99490CD7-C396-48CC-A2E4-1277BD662F37}.Release|Any CPU.Build.0 = Release|Any CPU
		{9BF02DDC-95F9-4B76-A5DD-F8DC860A2B19}.Debug|Any CPU.ActiveCfg = Debug|Any CPU
		{9BF02DDC-95F9-4B76-A5DD-F8DC860A2B19}.Debug|Any CPU.Build.0 = Debug|Any CPU
		{9BF02DDC-95F9-4B76-A5DD-F8DC860A2B19}.Release|Any CPU.ActiveCfg = Release|Any CPU
		{9BF02DDC-95F9-4B76-A5DD-F8DC860A2B19}.Release|Any CPU.Build.0 = Release|Any CPU
	EndGlobalSection
	GlobalSection(SolutionProperties) = preSolution
		HideSolutionNode = FALSE
	EndGlobalSection
	GlobalSection(ExtensibilityGlobals) = postSolution
		SolutionGuid = {5D9985D2-2DF8-4E62-BEEA-D68E708D7DB2}
	EndGlobalSection
EndGlobal
